
Microsoft Visual Studio Solution File, Format Version 12.00
# Visual Studio Version 17
VisualStudioVersion = 17.9.34728.123
MinimumVisualStudioVersion = 10.0.40219.1
Project("{FAE04EC0-301F-11D3-BF4B-00C04F79EFBC}") = "CRUD-API", "CRUD-API\CRUD-API.csproj", "{94CFEF6A-C739-4FDE-8E69-BBFDBDFEE819}"
EndProject
Global
	GlobalSection(SolutionConfigurationPlatforms) = preSolution
		Debug|Any CPU = Debug|Any CPU
		Release|Any CPU = Release|Any CPU
	EndGlobalSection
	GlobalSection(ProjectConfigurationPlatforms) = postSolution
		{94CFEF6A-C739-4FDE-8E69-BBFDBDFEE819}.Debug|Any CPU.ActiveCfg = Debug|Any CPU
		{94CFEF6A-C739-4FDE-8E69-BBFDBDFEE819}.Debug|Any CPU.Build.0 = Debug|Any CPU
		{94CFEF6A-C739-4FDE-8E69-BBFDBDFEE819}.Release|Any CPU.ActiveCfg = Release|Any CPU
		{94CFEF6A-C739-4FDE-8E69-BBFDBDFEE819}.Release|Any CPU.Build.0 = Release|Any CPU
	EndGlobalSection
	GlobalSection(SolutionProperties) = preSolution
		HideSolutionNode = FALSE
	EndGlobalSection
	GlobalSection(ExtensibilityGlobals) = postSolution
		SolutionGuid = {0F905504-2A48-4D01-83A6-3D182999FA80}
	EndGlobalSection
EndGlobal
